// !$*UTF8*$!
{
	archiveVersion = 1;
	classes = {
	};
	objectVersion = 50;
	objects = {

/* Begin PBXBuildFile section */
		A86595242395EC78006B9D05 /* AddTodoViewController.swift in Sources */ = {isa = PBXBuildFile; fileRef = A86595232395EC78006B9D05 /* AddTodoViewController.swift */; };
		A865952C23978329006B9D05 /* completeViewController.swift in Sources */ = {isa = PBXBuildFile; fileRef = A865952B23978329006B9D05 /* completeViewController.swift */; };
		A8A4D62A238F60C900740727 /* AppDelegate.swift in Sources */ = {isa = PBXBuildFile; fileRef = A8A4D629238F60C900740727 /* AppDelegate.swift */; };
		A8A4D62F238F60C900740727 /* Main.storyboard in Resources */ = {isa = PBXBuildFile; fileRef = A8A4D62D238F60C900740727 /* Main.storyboard */; };
		A8A4D632238F60C900740727 /* myTodo.xcdatamodeld in Sources */ = {isa = PBXBuildFile; fileRef = A8A4D630238F60C900740727 /* myTodo.xcdatamodeld */; };
		A8A4D634238F60CC00740727 /* Assets.xcassets in Resources */ = {isa = PBXBuildFile; fileRef = A8A4D633238F60CC00740727 /* Assets.xcassets */; };
		A8A4D637238F60CC00740727 /* LaunchScreen.storyboard in Resources */ = {isa = PBXBuildFile; fileRef = A8A4D635238F60CC00740727 /* LaunchScreen.storyboard */; };
		A8A4D63F238F6F1E00740727 /* ToDoTableViewController.swift in Sources */ = {isa = PBXBuildFile; fileRef = A8A4D63E238F6F1E00740727 /* ToDoTableViewController.swift */; };
		A8A4D641238F70BA00740727 /* ToDo.swift in Sources */ = {isa = PBXBuildFile; fileRef = A8A4D640238F70BA00740727 /* ToDo.swift */; };
/* End PBXBuildFile section */

/* Begin PBXFileReference section */
		A86595232395EC78006B9D05 /* AddTodoViewController.swift */ = {isa = PBXFileReference; lastKnownFileType = sourcecode.swift; path = AddTodoViewController.swift; sourceTree = "<group>"; };
		A865952B23978329006B9D05 /* completeViewController.swift */ = {isa = PBXFileReference; lastKnownFileType = sourcecode.swift; path = completeViewController.swift; sourceTree = "<group>"; };
		A8A4D626238F60C900740727 /* myTodo.app */ = {isa = PBXFileReference; explicitFileType = wrapper.application; includeInIndex = 0; path = myTodo.app; sourceTree = BUILT_PRODUCTS_DIR; };
		A8A4D629238F60C900740727 /* AppDelegate.swift */ = {isa = PBXFileReference; lastKnownFileType = sourcecode.swift; path = AppDelegate.swift; sourceTree = "<group>"; };
		A8A4D62E238F60C900740727 /* Base */ = {isa = PBXFileReference; lastKnownFileType = file.storyboard; name = Base; path = Base.lproj/Main.storyboard; sourceTree = "<group>"; };
		A8A4D631238F60C900740727 /* myTodo.xcdatamodel */ = {isa = PBXFileReference; lastKnownFileType = wrapper.xcdatamodel; path = myTodo.xcdatamodel; sourceTree = "<group>"; };
		A8A4D633238F60CC00740727 /* Assets.xcassets */ = {isa = PBXFileReference; lastKnownFileType = folder.assetcatalog; path = Assets.xcassets; sourceTree = "<group>"; };
		A8A4D636238F60CC00740727 /* Base */ = {isa = PBXFileReference; lastKnownFileType = file.storyboard; name = Base; path = Base.lproj/LaunchScreen.storyboard; sourceTree = "<group>"; };
		A8A4D638238F60CC00740727 /* Info.plist */ = {isa = PBXFileReference; lastKnownFileType = text.plist.xml; path = Info.plist; sourceTree = "<group>"; };
		A8A4D63E238F6F1E00740727 /* ToDoTableViewController.swift */ = {isa = PBXFileReference; lastKnownFileType = sourcecode.swift; path = ToDoTableViewController.swift; sourceTree = "<group>"; };
		A8A4D640238F70BA00740727 /* ToDo.swift */ = {isa = PBXFileReference; lastKnownFileType = sourcecode.swift; path = ToDo.swift; sourceTree = "<group>"; };
/* End PBXFileReference section */

/* Begin PBXFrameworksBuildPhase section */
		A8A4D623238F60C900740727 /* Frameworks */ = {
			isa = PBXFrameworksBuildPhase;
			buildActionMask = 2147483647;
			files = (
			);
			runOnlyForDeploymentPostprocessing = 0;
		};
/* End PBXFrameworksBuildPhase section */

/* Begin PBXGroup section */
		A8A4D61D238F60C900740727 = {
			isa = PBXGroup;
			children = (
				A865952B23978329006B9D05 /* completeViewController.swift */,
				A8A4D640238F70BA00740727 /* ToDo.swift */,
				A8A4D63E238F6F1E00740727 /* ToDoTableViewController.swift */,
				A86595232395EC78006B9D05 /* AddTodoViewController.swift */,
				A8A4D628238F60C900740727 /* myTodo */,
				A8A4D627238F60C900740727 /* Products */,
			);
			sourceTree = "<group>";
		};
		A8A4D627238F60C900740727 /* Products */ = {
			isa = PBXGroup;
			children = (
				A8A4D626238F60C900740727 /* myTodo.app */,
			);
			name = Products;
			sourceTree = "<group>";
		};
		A8A4D628238F60C900740727 /* myTodo */ = {
			isa = PBXGroup;
			children = (
				A8A4D629238F60C900740727 /* AppDelegate.swift */,
				A8A4D62D238F60C900740727 /* Main.storyboard */,
				A8A4D633238F60CC00740727 /* Assets.xcassets */,
				A8A4D635238F60CC00740727 /* LaunchScreen.storyboard */,
				A8A4D638238F60CC00740727 /* Info.plist */,
				A8A4D630238F60C900740727 /* myTodo.xcdatamodeld */,
			);
			path = myTodo;
			sourceTree = "<group>";
		};
/* End PBXGroup section */

/* Begin PBXNativeTarget section */
		A8A4D625238F60C900740727 /* myTodo */ = {
			isa = PBXNativeTarget;
			buildConfigurationList = A8A4D63B238F60CC00740727 /* Build configuration list for PBXNativeTarget "myTodo" */;
			buildPhases = (
				A8A4D622238F60C900740727 /* Sources */,
				A8A4D623238F60C900740727 /* Frameworks */,
				A8A4D624238F60C900740727 /* Resources */,
			);
			buildRules = (
			);
			dependencies = (
			);
			name = myTodo;
			productName = myTodo;
			productReference = A8A4D626238F60C900740727 /* myTodo.app */;
			productType = "com.apple.product-type.application";
		};
/* End PBXNativeTarget section */

/* Begin PBXProject section */
		A8A4D61E238F60C900740727 /* Project object */ = {
			isa = PBXProject;
			attributes = {
				LastSwiftUpdateCheck = 1030;
				LastUpgradeCheck = 1030;
				ORGANIZATIONNAME = Supreet;
				TargetAttributes = {
					A8A4D625238F60C900740727 = {
						CreatedOnToolsVersion = 10.3;
					};
				};
			};
			buildConfigurationList = A8A4D621238F60C900740727 /* Build configuration list for PBXProject "myTodo" */;
			compatibilityVersion = "Xcode 9.3";
			developmentRegion = en;
			hasScannedForEncodings = 0;
			knownRegions = (
				en,
				Base,
			);
			mainGroup = A8A4D61D238F60C900740727;
			productRefGroup = A8A4D627238F60C900740727 /* Products */;
			projectDirPath = "";
			projectRoot = "";
			targets = (
				A8A4D625238F60C900740727 /* myTodo */,
			);
		};
/* End PBXProject section */

/* Begin PBXResourcesBuildPhase section */
		A8A4D624238F60C900740727 /* Resources */ = {
			isa = PBXResourcesBuildPhase;
			buildActionMask = 2147483647;
			files = (
				A8A4D637238F60CC00740727 /* LaunchScreen.storyboard in Resources */,
				A8A4D634238F60CC00740727 /* Assets.xcassets in Resources */,
				A8A4D62F238F60C900740727 /* Main.storyboard in Resources */,
			);
			runOnlyForDeploymentPostprocessing = 0;
		};
/* End PBXResourcesBuildPhase section */

/* Begin PBXSourcesBuildPhase section */
		A8A4D622238F60C900740727 /* Sources */ = {
			isa = PBXSourcesBuildPhase;
			buildActionMask = 2147483647;
			files = (
				A8A4D62A238F60C900740727 /* AppDelegate.swift in Sources */,
				A86595242395EC78006B9D05 /* AddTodoViewController.swift in Sources */,
				A8A4D63F238F6F1E00740727 /* ToDoTableViewController.swift in Sources */,
				A8A4D632238F60C900740727 /* myTodo.xcdatamodeld in Sources */,
				A8A4D641238F70BA00740727 /* ToDo.swift in Sources */,
				A865952C23978329006B9D05 /* completeViewController.swift in Sources */,
			);
			runOnlyForDeploymentPostprocessing = 0;
		};
/* End PBXSourcesBuildPhase section */

/* Begin PBXVariantGroup section */
		A8A4D62D238F60C900740727 /* Main.storyboard */ = {
			isa = PBXVariantGroup;
			children = (
				A8A4D62E238F60C900740727 /* Base */,
			);
			name = Main.storyboard;
			sourceTree = "<group>";
		};
		A8A4D635238F60CC00740727 /* LaunchScreen.storyboard */ = {
			isa = PBXVariantGroup;
			children = (
				A8A4D636238F60CC00740727 /* Base */,
			);
			name = LaunchScreen.storyboard;
			sourceTree = "<group>";
		};
/* End PBXVariantGroup section */

/* Begin XCBuildConfiguration section */
		A8A4D639238F60CC00740727 /* Debug */ = {
			isa = XCBuildConfiguration;
			buildSettings = {
				ALWAYS_SEARCH_USER_PATHS = NO;
				CLANG_ANALYZER_NONNULL = YES;
				CLANG_ANALYZER_NUMBER_OBJECT_CONVERSION = YES_AGGRESSIVE;
				CLANG_CXX_LANGUAGE_STANDARD = "gnu++14";
				CLANG_CXX_LIBRARY = "libc++";
				CLANG_ENABLE_MODULES = YES;
				CLANG_ENABLE_OBJC_ARC = YES;
				CLANG_ENABLE_OBJC_WEAK = YES;
				CLANG_WARN_BLOCK_CAPTURE_AUTORELEASING = YES;
				CLANG_WARN_BOOL_CONVERSION = YES;
				CLANG_WARN_COMMA = YES;
				CLANG_WARN_CONSTANT_CONVERSION = YES;
				CLANG_WARN_DEPRECATED_OBJC_IMPLEMENTATIONS = YES;
				CLANG_WARN_DIRECT_OBJC_ISA_USAGE = YES_ERROR;
				CLANG_WARN_DOCUMENTATION_COMMENTS = YES;
				CLANG_WARN_EMPTY_BODY = YES;
				CLANG_WARN_ENUM_CONVERSION = YES;
				CLANG_WARN_INFINITE_RECURSION = YES;
				CLANG_WARN_INT_CONVERSION = YES;
				CLANG_WARN_NON_LITERAL_NULL_CONVERSION = YES;
				CLANG_WARN_OBJC_IMPLICIT_RETAIN_SELF = YES;
				CLANG_WARN_OBJC_LITERAL_CONVERSION = YES;
				CLANG_WARN_OBJC_ROOT_CLASS = YES_ERROR;
				CLANG_WARN_RANGE_LOOP_ANALYSIS = YES;
				CLANG_WARN_STRICT_PROTOTYPES = YES;
				CLANG_WARN_SUSPICIOUS_MOVE = YES;
				CLANG_WARN_UNGUARDED_AVAILABILITY = YES_AGGRESSIVE;
				CLANG_WARN_UNREACHABLE_CODE = YES;
				CLANG_WARN__DUPLICATE_METHOD_MATCH = YES;
				CODE_SIGN_IDENTITY = "iPhone Developer";
				COPY_PHASE_STRIP = NO;
				DEBUG_INFORMATION_FORMAT = dwarf;
				ENABLE_STRICT_OBJC_MSGSEND = YES;
				ENABLE_TESTABILITY = YES;
				GCC_C_LANGUAGE_STANDARD = gnu11;
				GCC_DYNAMIC_NO_PIC = NO;
				GCC_NO_COMMON_BLOCKS = YES;
				GCC_OPTIMIZATION_LEVEL = 0;
				GCC_PREPROCESSOR_DEFINITIONS = (
					"DEBUG=1",
					"$(inherited)",
				);
				GCC_WARN_64_TO_32_BIT_CONVERSION = YES;
				GCC_WARN_ABOUT_RETURN_TYPE = YES_ERROR;
				GCC_WARN_UNDECLARED_SELECTOR = YES;
				GCC_WARN_UNINITIALIZED_AUTOS = YES_AGGRESSIVE;
				GCC_WARN_UNUSED_FUNCTION = YES;
				GCC_WARN_UNUSED_VARIABLE = YES;
				IPHONEOS_DEPLOYMENT_TARGET = 12.4;
				MTL_ENABLE_DEBUG_INFO = INCLUDE_SOURCE;
				MTL_FAST_MATH = YES;
				ONLY_ACTIVE_ARCH = YES;
				SDKROOT = iphoneos;
				SWIFT_ACTIVE_COMPILATION_CONDITIONS = DEBUG;
				SWIFT_OPTIMIZATION_LEVEL = "-Onone";
			};
			name = Debug;
		};
		A8A4D63A238F60CC00740727 /* Release */ = {
			isa = XCBuildConfiguration;
			buildSettings = {
				ALWAYS_SEARCH_USER_PATHS = NO;
				CLANG_ANALYZER_NONNULL = YES;
				CLANG_ANALYZER_NUMBER_OBJECT_CONVERSION = YES_AGGRESSIVE;
				CLANG_CXX_LANGUAGE_STANDARD = "gnu++14";
				CLANG_CXX_LIBRARY = "libc++";
				CLANG_ENABLE_MODULES = YES;
				CLANG_ENABLE_OBJC_ARC = YES;
				CLANG_ENABLE_OBJC_WEAK = YES;
				CLANG_WARN_BLOCK_CAPTURE_AUTORELEASING = YES;
				CLANG_WARN_BOOL_CONVERSION = YES;
				CLANG_WARN_COMMA = YES;
				CLANG_WARN_CONSTANT_CONVERSION = YES;
				CLANG_WARN_DEPRECATED_OBJC_IMPLEMENTATIONS = YES;
				CLANG_WARN_DIRECT_OBJC_ISA_USAGE = YES_ERROR;
				CLANG_WARN_DOCUMENTATION_COMMENTS = YES;
				CLANG_WARN_EMPTY_BODY = YES;
				CLANG_WARN_ENUM_CONVERSION = YES;
				CLANG_WARN_INFINITE_RECURSION = YES;
				CLANG_WARN_INT_CONVERSION = YES;
				CLANG_WARN_NON_LITERAL_NULL_CONVERSION = YES;
				CLANG_WARN_OBJC_IMPLICIT_RETAIN_SELF = YES;
				CLANG_WARN_OBJC_LITERAL_CONVERSION = YES;
				CLANG_WARN_OBJC_ROOT_CLASS = YES_ERROR;
				CLANG_WARN_RANGE_LOOP_ANALYSIS = YES;
				CLANG_WARN_STRICT_PROTOTYPES = YES;
				CLANG_WARN_SUSPICIOUS_MOVE = YES;
				CLANG_WARN_UNGUARDED_AVAILABILITY = YES_AGGRESSIVE;
				CLANG_WARN_UNREACHABLE_CODE = YES;
				CLANG_WARN__DUPLICATE_METHOD_MATCH = YES;
				CODE_SIGN_IDENTITY = "iPhone Developer";
				COPY_PHASE_STRIP = NO;
				DEBUG_INFORMATION_FORMAT = "dwarf-with-dsym";
				ENABLE_NS_ASSERTIONS = NO;
				ENABLE_STRICT_OBJC_MSGSEND = YES;
				GCC_C_LANGUAGE_STANDARD = gnu11;
				GCC_NO_COMMON_BLOCKS = YES;
				GCC_WARN_64_TO_32_BIT_CONVERSION = YES;
				GCC_WARN_ABOUT_RETURN_TYPE = YES_ERROR;
				GCC_WARN_UNDECLARED_SELECTOR = YES;
				GCC_WARN_UNINITIALIZED_AUTOS = YES_AGGRESSIVE;
				GCC_WARN_UNUSED_FUNCTION = YES;
				GCC_WARN_UNUSED_VARIABLE = YES;
				IPHONEOS_DEPLOYMENT_TARGET = 12.4;
				MTL_ENABLE_DEBUG_INFO = NO;
				MTL_FAST_MATH = YES;
				SDKROOT = iphoneos;
				SWIFT_COMPILATION_MODE = wholemodule;
				SWIFT_OPTIMIZATION_LEVEL = "-O";
				VALIDATE_PRODUCT = YES;
			};
			name = Release;
		};
		A8A4D63C238F60CC00740727 /* Debug */ = {
			isa = XCBuildConfiguration;
			buildSettings = {
				ASSETCATALOG_COMPILER_APPICON_NAME = AppIcon;
				CODE_SIGN_STYLE = Automatic;
				INFOPLIST_FILE = myTodo/Info.plist;
				LD_RUNPATH_SEARCH_PATHS = (
					"$(inherited)",
					"@executable_path/Frameworks",
				);
				PRODUCT_BUNDLE_IDENTIFIER = mycentennial.myTodo;
				PRODUCT_NAME = "$(TARGET_NAME)";
				SWIFT_VERSION = 5.0;
				TARGETED_DEVICE_FAMILY = "1,2";
			};
			name = Debug;
		};
		A8A4D63D238F60CC00740727 /* Release */ = {
			isa = XCBuildConfiguration;
			buildSettings = {
				ASSETCATALOG_COMPILER_APPICON_NAME = AppIcon;
				CODE_SIGN_STYLE = Automatic;
				INFOPLIST_FILE = myTodo/Info.plist;
				LD_RUNPATH_SEARCH_PATHS = (
					"$(inherited)",
					"@executable_path/Frameworks",
				);
				PRODUCT_BUNDLE_IDENTIFIER = mycentennial.myTodo;
				PRODUCT_NAME = "$(TARGET_NAME)";
				SWIFT_VERSION = 5.0;
				TARGETED_DEVICE_FAMILY = "1,2";
			};
			name = Release;
		};
/* End XCBuildConfiguration section */

/* Begin XCConfigurationList section */
		A8A4D621238F60C900740727 /* Build configuration list for PBXProject "myTodo" */ = {
			isa = XCConfigurationList;
			buildConfigurations = (
				A8A4D639238F60CC00740727 /* Debug */,
				A8A4D63A238F60CC00740727 /* Release */,
			);
			defaultConfigurationIsVisible = 0;
			defaultConfigurationName = Release;
		};
		A8A4D63B238F60CC00740727 /* Build configuration list for PBXNativeTarget "myTodo" */ = {
			isa = XCConfigurationList;
			buildConfigurations = (
				A8A4D63C238F60CC00740727 /* Debug */,
				A8A4D63D238F60CC00740727 /* Release */,
			);
			defaultConfigurationIsVisible = 0;
			defaultConfigurationName = Release;
		};
/* End XCConfigurationList section */

/* Begin XCVersionGroup section */
		A8A4D630238F60C900740727 /* myTodo.xcdatamodeld */ = {
			isa = XCVersionGroup;
			children = (
				A8A4D631238F60C900740727 /* myTodo.xcdatamodel */,
			);
			currentVersion = A8A4D631238F60C900740727 /* myTodo.xcdatamodel */;
			path = myTodo.xcdatamodeld;
			sourceTree = "<group>";
			versionGroupType = wrapper.xcdatamodel;
		};
/* End XCVersionGroup section */
	};
	rootObject = A8A4D61E238F60C900740727 /* Project object */;
}
